
Microsoft Visual Studio Solution File, Format Version 12.00
# Visual Studio 15
VisualStudioVersion = 15.0.28010.2048
MinimumVisualStudioVersion = 10.0.40219.1
Project("{FAE04EC0-301F-11D3-BF4B-00C04F79EFBC}") = "elma_portakal", "elma_portakal\elma_portakal.csproj", "{B3A6AB3F-1E9E-48D0-BEB2-C1D4F37C0606}"
EndProject
Global
	GlobalSection(SolutionConfigurationPlatforms) = preSolution
		Debug|Any CPU = Debug|Any CPU
		Release|Any CPU = Release|Any CPU
	EndGlobalSection
	GlobalSection(ProjectConfigurationPlatforms) = postSolution
		{B3A6AB3F-1E9E-48D0-BEB2-C1D4F37C0606}.Debug|Any CPU.ActiveCfg = Debug|Any CPU
		{B3A6AB3F-1E9E-48D0-BEB2-C1D4F37C0606}.Debug|Any CPU.Build.0 = Debug|Any CPU
		{B3A6AB3F-1E9E-48D0-BEB2-C1D4F37C0606}.Release|Any CPU.ActiveCfg = Release|Any CPU
		{B3A6AB3F-1E9E-48D0-BEB2-C1D4F37C0606}.Release|Any CPU.Build.0 = Release|Any CPU
	EndGlobalSection
	GlobalSection(SolutionProperties) = preSolution
		HideSolutionNode = FALSE
	EndGlobalSection
	GlobalSection(ExtensibilityGlobals) = postSolution
		SolutionGuid = {6936A15C-AB3E-40C7-881A-E8908BC1A859}
	EndGlobalSection
EndGlobal
